
Microsoft Visual Studio Solution File, Format Version 12.00
# Visual Studio Version 17
VisualStudioVersion = 17.4.33205.214
MinimumVisualStudioVersion = 10.0.40219.1
Project("{FAE04EC0-301F-11D3-BF4B-00C04F79EFBC}") = "WEBAPI_1", "WEBAPI_1\WEBAPI_1.csproj", "{4DB1847E-62A3-447C-90E1-5E5AC96B5097}"
EndProject
Global
	GlobalSection(SolutionConfigurationPlatforms) = preSolution
		Debug|Any CPU = Debug|Any CPU
		Release|Any CPU = Release|Any CPU
	EndGlobalSection
	GlobalSection(ProjectConfigurationPlatforms) = postSolution
		{4DB1847E-62A3-447C-90E1-5E5AC96B5097}.Debug|Any CPU.ActiveCfg = Debug|Any CPU
		{4DB1847E-62A3-447C-90E1-5E5AC96B5097}.Debug|Any CPU.Build.0 = Debug|Any CPU
		{4DB1847E-62A3-447C-90E1-5E5AC96B5097}.Release|Any CPU.ActiveCfg = Release|Any CPU
		{4DB1847E-62A3-447C-90E1-5E5AC96B5097}.Release|Any CPU.Build.0 = Release|Any CPU
	EndGlobalSection
	GlobalSection(SolutionProperties) = preSolution
		HideSolutionNode = FALSE
	EndGlobalSection
	GlobalSection(ExtensibilityGlobals) = postSolution
		SolutionGuid = {03E488BB-5F77-4ACB-A61C-34F6C278B329}
	EndGlobalSection
EndGlobal
